
Microsoft Visual Studio Solution File, Format Version 10.00
# Visual Studio 2008
Project("{FAE04EC0-301F-11D3-BF4B-00C04F79EFBC}") = "gtkSharpPlugin", "gtkSharpPlugin\gtkSharpPlugin.csproj", "{0CFFA5CE-9EE2-4179-9A8A-8FB93DB3A118}"
EndProject
Global
	GlobalSection(SolutionConfigurationPlatforms) = preSolution
		Debug|x86 = Debug|x86
		Release|x86 = Release|x86
	EndGlobalSection
	GlobalSection(ProjectConfigurationPlatforms) = postSolution
		{0CFFA5CE-9EE2-4179-9A8A-8FB93DB3A118}.Debug|x86.ActiveCfg = Debug|x86
		{0CFFA5CE-9EE2-4179-9A8A-8FB93DB3A118}.Debug|x86.Build.0 = Debug|x86
		{0CFFA5CE-9EE2-4179-9A8A-8FB93DB3A118}.Release|x86.ActiveCfg = Release|x86
		{0CFFA5CE-9EE2-4179-9A8A-8FB93DB3A118}.Release|x86.Build.0 = Release|x86
	EndGlobalSection
	GlobalSection(MonoDevelopProperties) = preSolution
		StartupItem = gtkSharpPlugin\gtkSharpPlugin.csproj
		outputpath = ..\bin\x86
	EndGlobalSection
EndGlobal
