
Microsoft Visual Studio Solution File, Format Version 11.00
# Visual Studio 2010
Project("{2150E333-8FDC-42A3-9474-1A3956D46DE8}") = "Tests", "Tests", "{3509D088-F7F1-4C4F-A8F5-95AEF6A7F382}"
EndProject
Project("{2150E333-8FDC-42A3-9474-1A3956D46DE8}") = "Plugins", "Plugins", "{D03A6A9C-CA7C-4DEC-B4F3-3C22E3E27545}"
EndProject
Project("{FAE04EC0-301F-11D3-BF4B-00C04F79EFBC}") = "Sensorium2", "Sensorium2\Sensorium2.csproj", "{4C4FFEA3-D1B3-4EC8-A0BF-59059A980315}"
EndProject
Project("{FAE04EC0-301F-11D3-BF4B-00C04F79EFBC}") = "Sensorium.Common", "Common\Sensorium.Common.csproj", "{408B38F0-6C6D-43DF-A549-AE0499A9021F}"
EndProject
Project("{FAE04EC0-301F-11D3-BF4B-00C04F79EFBC}") = "SpeedFanPlugin", "SpeedFanPlugin\SpeedFanPlugin.csproj", "{A51B2C7B-7FCE-467A-B2E1-BD39E5E35044}"
EndProject
Project("{FAE04EC0-301F-11D3-BF4B-00C04F79EFBC}") = "TextSettingsPlugin", "TextSettingsPlugin\TextSettingsPlugin.csproj", "{8251A822-589A-44C0-B19F-B8464448F0BD}"
EndProject
Project("{FAE04EC0-301F-11D3-BF4B-00C04F79EFBC}") = "UDPPlugin", "UDPPlugin\UDPPlugin.csproj", "{4E044E72-2745-4A45-AB0D-87F20288132A}"
EndProject
Project("{FAE04EC0-301F-11D3-BF4B-00C04F79EFBC}") = "ConsoleControlPlugin", "ConsoleControlPlugin\ConsoleControlPlugin.csproj", "{7F844E87-CD7D-4785-AC2A-08B2D409717D}"
EndProject
Project("{FAE04EC0-301F-11D3-BF4B-00C04F79EFBC}") = "libsensorsPlugin", "libsensorsPlugin\libsensorsPlugin.csproj", "{D00FB3E3-95A8-4ABA-8CC3-D4DC3098C2E3}"
EndProject
Project("{FAE04EC0-301F-11D3-BF4B-00C04F79EFBC}") = "WinFormsControlPlugin", "WinFormsControlPlugin\WinFormsControlPlugin.csproj", "{5D201635-1488-421F-B258-680974D6720C}"
EndProject
Project("{FAE04EC0-301F-11D3-BF4B-00C04F79EFBC}") = "Tests.Sensorium2", "Tests\Tests.Sensorium2\Tests.Sensorium2.csproj", "{99DE9357-7319-4DBA-B3EB-A70E85A2FE6C}"
EndProject
Project("{FAE04EC0-301F-11D3-BF4B-00C04F79EFBC}") = "Tests.UDPPlugin", "Tests\Tests.UDPPlugin\Tests.UDPPlugin.csproj", "{EE2C69AD-694E-4B51-AACD-7D43C15E4D0E}"
EndProject
Global
	GlobalSection(SolutionConfigurationPlatforms) = preSolution
		Debug|Any CPU = Debug|Any CPU
		Debug|Mixed Platforms = Debug|Mixed Platforms
		Debug|x64 = Debug|x64
		Debug|x86 = Debug|x86
		Release|Any CPU = Release|Any CPU
		Release|Mixed Platforms = Release|Mixed Platforms
		Release|x64 = Release|x64
		Release|x86 = Release|x86
	EndGlobalSection
	GlobalSection(ProjectConfigurationPlatforms) = postSolution
		{4C4FFEA3-D1B3-4EC8-A0BF-59059A980315}.Debug|Any CPU.ActiveCfg = Debug|Any CPU
		{4C4FFEA3-D1B3-4EC8-A0BF-59059A980315}.Debug|Any CPU.Build.0 = Debug|Any CPU
		{4C4FFEA3-D1B3-4EC8-A0BF-59059A980315}.Debug|Mixed Platforms.ActiveCfg = Debug|Any CPU
		{4C4FFEA3-D1B3-4EC8-A0BF-59059A980315}.Debug|Mixed Platforms.Build.0 = Debug|Any CPU
		{4C4FFEA3-D1B3-4EC8-A0BF-59059A980315}.Debug|x64.ActiveCfg = Debug|x64
		{4C4FFEA3-D1B3-4EC8-A0BF-59059A980315}.Debug|x64.Build.0 = Debug|x64
		{4C4FFEA3-D1B3-4EC8-A0BF-59059A980315}.Debug|x86.ActiveCfg = Debug|x86
		{4C4FFEA3-D1B3-4EC8-A0BF-59059A980315}.Debug|x86.Build.0 = Debug|x86
		{4C4FFEA3-D1B3-4EC8-A0BF-59059A980315}.Release|Any CPU.ActiveCfg = Release|Any CPU
		{4C4FFEA3-D1B3-4EC8-A0BF-59059A980315}.Release|Any CPU.Build.0 = Release|Any CPU
		{4C4FFEA3-D1B3-4EC8-A0BF-59059A980315}.Release|Mixed Platforms.ActiveCfg = Release|x64
		{4C4FFEA3-D1B3-4EC8-A0BF-59059A980315}.Release|Mixed Platforms.Build.0 = Release|x64
		{4C4FFEA3-D1B3-4EC8-A0BF-59059A980315}.Release|x64.ActiveCfg = Release|x64
		{4C4FFEA3-D1B3-4EC8-A0BF-59059A980315}.Release|x64.Build.0 = Release|x64
		{4C4FFEA3-D1B3-4EC8-A0BF-59059A980315}.Release|x86.ActiveCfg = Release|x86
		{4C4FFEA3-D1B3-4EC8-A0BF-59059A980315}.Release|x86.Build.0 = Release|x86
		{408B38F0-6C6D-43DF-A549-AE0499A9021F}.Debug|Any CPU.ActiveCfg = Debug|Any CPU
		{408B38F0-6C6D-43DF-A549-AE0499A9021F}.Debug|Any CPU.Build.0 = Debug|Any CPU
		{408B38F0-6C6D-43DF-A549-AE0499A9021F}.Debug|Mixed Platforms.ActiveCfg = Debug|Any CPU
		{408B38F0-6C6D-43DF-A549-AE0499A9021F}.Debug|Mixed Platforms.Build.0 = Debug|Any CPU
		{408B38F0-6C6D-43DF-A549-AE0499A9021F}.Debug|x64.ActiveCfg = Debug|x64
		{408B38F0-6C6D-43DF-A549-AE0499A9021F}.Debug|x64.Build.0 = Debug|x64
		{408B38F0-6C6D-43DF-A549-AE0499A9021F}.Debug|x86.ActiveCfg = Debug|x86
		{408B38F0-6C6D-43DF-A549-AE0499A9021F}.Debug|x86.Build.0 = Debug|x86
		{408B38F0-6C6D-43DF-A549-AE0499A9021F}.Release|Any CPU.ActiveCfg = Release|Any CPU
		{408B38F0-6C6D-43DF-A549-AE0499A9021F}.Release|Any CPU.Build.0 = Release|Any CPU
		{408B38F0-6C6D-43DF-A549-AE0499A9021F}.Release|Mixed Platforms.ActiveCfg = Release|x64
		{408B38F0-6C6D-43DF-A549-AE0499A9021F}.Release|Mixed Platforms.Build.0 = Release|x64
		{408B38F0-6C6D-43DF-A549-AE0499A9021F}.Release|x64.ActiveCfg = Release|x64
		{408B38F0-6C6D-43DF-A549-AE0499A9021F}.Release|x64.Build.0 = Release|x64
		{408B38F0-6C6D-43DF-A549-AE0499A9021F}.Release|x86.ActiveCfg = Release|x86
		{408B38F0-6C6D-43DF-A549-AE0499A9021F}.Release|x86.Build.0 = Release|x86
		{A51B2C7B-7FCE-467A-B2E1-BD39E5E35044}.Debug|Any CPU.ActiveCfg = Debug|Any CPU
		{A51B2C7B-7FCE-467A-B2E1-BD39E5E35044}.Debug|Any CPU.Build.0 = Debug|Any CPU
		{A51B2C7B-7FCE-467A-B2E1-BD39E5E35044}.Debug|Mixed Platforms.ActiveCfg = Debug|Any CPU
		{A51B2C7B-7FCE-467A-B2E1-BD39E5E35044}.Debug|Mixed Platforms.Build.0 = Debug|Any CPU
		{A51B2C7B-7FCE-467A-B2E1-BD39E5E35044}.Debug|x64.ActiveCfg = Debug|x64
		{A51B2C7B-7FCE-467A-B2E1-BD39E5E35044}.Debug|x64.Build.0 = Debug|x64
		{A51B2C7B-7FCE-467A-B2E1-BD39E5E35044}.Debug|x86.ActiveCfg = Debug|x86
		{A51B2C7B-7FCE-467A-B2E1-BD39E5E35044}.Debug|x86.Build.0 = Debug|x86
		{A51B2C7B-7FCE-467A-B2E1-BD39E5E35044}.Release|Any CPU.ActiveCfg = Release|Any CPU
		{A51B2C7B-7FCE-467A-B2E1-BD39E5E35044}.Release|Any CPU.Build.0 = Release|Any CPU
		{A51B2C7B-7FCE-467A-B2E1-BD39E5E35044}.Release|Mixed Platforms.ActiveCfg = Release|x86
		{A51B2C7B-7FCE-467A-B2E1-BD39E5E35044}.Release|Mixed Platforms.Build.0 = Release|x86
		{A51B2C7B-7FCE-467A-B2E1-BD39E5E35044}.Release|x64.ActiveCfg = Release|x64
		{A51B2C7B-7FCE-467A-B2E1-BD39E5E35044}.Release|x64.Build.0 = Release|x64
		{A51B2C7B-7FCE-467A-B2E1-BD39E5E35044}.Release|x86.ActiveCfg = Release|x86
		{A51B2C7B-7FCE-467A-B2E1-BD39E5E35044}.Release|x86.Build.0 = Release|x86
		{8251A822-589A-44C0-B19F-B8464448F0BD}.Debug|Any CPU.ActiveCfg = Debug|Any CPU
		{8251A822-589A-44C0-B19F-B8464448F0BD}.Debug|Any CPU.Build.0 = Debug|Any CPU
		{8251A822-589A-44C0-B19F-B8464448F0BD}.Debug|Mixed Platforms.ActiveCfg = Debug|Any CPU
		{8251A822-589A-44C0-B19F-B8464448F0BD}.Debug|Mixed Platforms.Build.0 = Debug|Any CPU
		{8251A822-589A-44C0-B19F-B8464448F0BD}.Debug|x64.ActiveCfg = Debug|Any CPU
		{8251A822-589A-44C0-B19F-B8464448F0BD}.Debug|x86.ActiveCfg = Debug|x86
		{8251A822-589A-44C0-B19F-B8464448F0BD}.Debug|x86.Build.0 = Debug|x86
		{8251A822-589A-44C0-B19F-B8464448F0BD}.Release|Any CPU.ActiveCfg = Release|Any CPU
		{8251A822-589A-44C0-B19F-B8464448F0BD}.Release|Any CPU.Build.0 = Release|Any CPU
		{8251A822-589A-44C0-B19F-B8464448F0BD}.Release|Mixed Platforms.ActiveCfg = Release|x86
		{8251A822-589A-44C0-B19F-B8464448F0BD}.Release|Mixed Platforms.Build.0 = Release|x86
		{8251A822-589A-44C0-B19F-B8464448F0BD}.Release|x64.ActiveCfg = Release|Any CPU
		{8251A822-589A-44C0-B19F-B8464448F0BD}.Release|x86.ActiveCfg = Release|Any CPU
		{4E044E72-2745-4A45-AB0D-87F20288132A}.Debug|Any CPU.ActiveCfg = Debug|Any CPU
		{4E044E72-2745-4A45-AB0D-87F20288132A}.Debug|Any CPU.Build.0 = Debug|Any CPU
		{4E044E72-2745-4A45-AB0D-87F20288132A}.Debug|Mixed Platforms.ActiveCfg = Debug|Any CPU
		{4E044E72-2745-4A45-AB0D-87F20288132A}.Debug|Mixed Platforms.Build.0 = Debug|Any CPU
		{4E044E72-2745-4A45-AB0D-87F20288132A}.Debug|x64.ActiveCfg = Debug|Any CPU
		{4E044E72-2745-4A45-AB0D-87F20288132A}.Debug|x86.ActiveCfg = Debug|x86
		{4E044E72-2745-4A45-AB0D-87F20288132A}.Debug|x86.Build.0 = Debug|x86
		{4E044E72-2745-4A45-AB0D-87F20288132A}.Release|Any CPU.ActiveCfg = Release|Any CPU
		{4E044E72-2745-4A45-AB0D-87F20288132A}.Release|Any CPU.Build.0 = Release|Any CPU
		{4E044E72-2745-4A45-AB0D-87F20288132A}.Release|Mixed Platforms.ActiveCfg = Release|x86
		{4E044E72-2745-4A45-AB0D-87F20288132A}.Release|Mixed Platforms.Build.0 = Release|x86
		{4E044E72-2745-4A45-AB0D-87F20288132A}.Release|x64.ActiveCfg = Release|Any CPU
		{4E044E72-2745-4A45-AB0D-87F20288132A}.Release|x86.ActiveCfg = Release|Any CPU
		{7F844E87-CD7D-4785-AC2A-08B2D409717D}.Debug|Any CPU.ActiveCfg = Debug|Any CPU
		{7F844E87-CD7D-4785-AC2A-08B2D409717D}.Debug|Any CPU.Build.0 = Debug|Any CPU
		{7F844E87-CD7D-4785-AC2A-08B2D409717D}.Debug|Mixed Platforms.ActiveCfg = Debug|Any CPU
		{7F844E87-CD7D-4785-AC2A-08B2D409717D}.Debug|Mixed Platforms.Build.0 = Debug|Any CPU
		{7F844E87-CD7D-4785-AC2A-08B2D409717D}.Debug|x64.ActiveCfg = Debug|Any CPU
		{7F844E87-CD7D-4785-AC2A-08B2D409717D}.Debug|x86.ActiveCfg = Debug|x86
		{7F844E87-CD7D-4785-AC2A-08B2D409717D}.Debug|x86.Build.0 = Debug|x86
		{7F844E87-CD7D-4785-AC2A-08B2D409717D}.Release|Any CPU.ActiveCfg = Release|Any CPU
		{7F844E87-CD7D-4785-AC2A-08B2D409717D}.Release|Any CPU.Build.0 = Release|Any CPU
		{7F844E87-CD7D-4785-AC2A-08B2D409717D}.Release|Mixed Platforms.ActiveCfg = Release|x86
		{7F844E87-CD7D-4785-AC2A-08B2D409717D}.Release|Mixed Platforms.Build.0 = Release|x86
		{7F844E87-CD7D-4785-AC2A-08B2D409717D}.Release|x64.ActiveCfg = Release|Any CPU
		{7F844E87-CD7D-4785-AC2A-08B2D409717D}.Release|x86.ActiveCfg = Release|Any CPU
		{D00FB3E3-95A8-4ABA-8CC3-D4DC3098C2E3}.Debug|Any CPU.ActiveCfg = Debug|Any CPU
		{D00FB3E3-95A8-4ABA-8CC3-D4DC3098C2E3}.Debug|Any CPU.Build.0 = Debug|Any CPU
		{D00FB3E3-95A8-4ABA-8CC3-D4DC3098C2E3}.Debug|Mixed Platforms.ActiveCfg = Debug|Any CPU
		{D00FB3E3-95A8-4ABA-8CC3-D4DC3098C2E3}.Debug|Mixed Platforms.Build.0 = Debug|Any CPU
		{D00FB3E3-95A8-4ABA-8CC3-D4DC3098C2E3}.Debug|x64.ActiveCfg = Debug|Any CPU
		{D00FB3E3-95A8-4ABA-8CC3-D4DC3098C2E3}.Debug|x86.ActiveCfg = Debug|x86
		{D00FB3E3-95A8-4ABA-8CC3-D4DC3098C2E3}.Debug|x86.Build.0 = Debug|x86
		{D00FB3E3-95A8-4ABA-8CC3-D4DC3098C2E3}.Release|Any CPU.ActiveCfg = Release|Any CPU
		{D00FB3E3-95A8-4ABA-8CC3-D4DC3098C2E3}.Release|Any CPU.Build.0 = Release|Any CPU
		{D00FB3E3-95A8-4ABA-8CC3-D4DC3098C2E3}.Release|Mixed Platforms.ActiveCfg = Release|x86
		{D00FB3E3-95A8-4ABA-8CC3-D4DC3098C2E3}.Release|Mixed Platforms.Build.0 = Release|x86
		{D00FB3E3-95A8-4ABA-8CC3-D4DC3098C2E3}.Release|x64.ActiveCfg = Release|Any CPU
		{D00FB3E3-95A8-4ABA-8CC3-D4DC3098C2E3}.Release|x86.ActiveCfg = Release|Any CPU
		{5D201635-1488-421F-B258-680974D6720C}.Debug|Any CPU.ActiveCfg = Debug|Any CPU
		{5D201635-1488-421F-B258-680974D6720C}.Debug|Any CPU.Build.0 = Debug|Any CPU
		{5D201635-1488-421F-B258-680974D6720C}.Debug|Mixed Platforms.ActiveCfg = Debug|Any CPU
		{5D201635-1488-421F-B258-680974D6720C}.Debug|Mixed Platforms.Build.0 = Debug|Any CPU
		{5D201635-1488-421F-B258-680974D6720C}.Debug|x64.ActiveCfg = Debug|Any CPU
		{5D201635-1488-421F-B258-680974D6720C}.Debug|x86.ActiveCfg = Debug|x86
		{5D201635-1488-421F-B258-680974D6720C}.Debug|x86.Build.0 = Debug|x86
		{5D201635-1488-421F-B258-680974D6720C}.Release|Any CPU.ActiveCfg = Release|Any CPU
		{5D201635-1488-421F-B258-680974D6720C}.Release|Any CPU.Build.0 = Release|Any CPU
		{5D201635-1488-421F-B258-680974D6720C}.Release|Mixed Platforms.ActiveCfg = Release|x86
		{5D201635-1488-421F-B258-680974D6720C}.Release|Mixed Platforms.Build.0 = Release|x86
		{5D201635-1488-421F-B258-680974D6720C}.Release|x64.ActiveCfg = Release|Any CPU
		{5D201635-1488-421F-B258-680974D6720C}.Release|x86.ActiveCfg = Release|Any CPU
		{99DE9357-7319-4DBA-B3EB-A70E85A2FE6C}.Debug|Any CPU.ActiveCfg = Debug|Any CPU
		{99DE9357-7319-4DBA-B3EB-A70E85A2FE6C}.Debug|Any CPU.Build.0 = Debug|Any CPU
		{99DE9357-7319-4DBA-B3EB-A70E85A2FE6C}.Debug|Mixed Platforms.ActiveCfg = Debug|Any CPU
		{99DE9357-7319-4DBA-B3EB-A70E85A2FE6C}.Debug|Mixed Platforms.Build.0 = Debug|Any CPU
		{99DE9357-7319-4DBA-B3EB-A70E85A2FE6C}.Debug|x64.ActiveCfg = Debug|Any CPU
		{99DE9357-7319-4DBA-B3EB-A70E85A2FE6C}.Debug|x86.ActiveCfg = Debug|Any CPU
		{99DE9357-7319-4DBA-B3EB-A70E85A2FE6C}.Release|Any CPU.ActiveCfg = Release|Any CPU
		{99DE9357-7319-4DBA-B3EB-A70E85A2FE6C}.Release|Any CPU.Build.0 = Release|Any CPU
		{99DE9357-7319-4DBA-B3EB-A70E85A2FE6C}.Release|Mixed Platforms.ActiveCfg = Release|Any CPU
		{99DE9357-7319-4DBA-B3EB-A70E85A2FE6C}.Release|Mixed Platforms.Build.0 = Release|Any CPU
		{99DE9357-7319-4DBA-B3EB-A70E85A2FE6C}.Release|x64.ActiveCfg = Release|Any CPU
		{99DE9357-7319-4DBA-B3EB-A70E85A2FE6C}.Release|x86.ActiveCfg = Release|Any CPU
		{EE2C69AD-694E-4B51-AACD-7D43C15E4D0E}.Debug|Any CPU.ActiveCfg = Debug|Any CPU
		{EE2C69AD-694E-4B51-AACD-7D43C15E4D0E}.Debug|Any CPU.Build.0 = Debug|Any CPU
		{EE2C69AD-694E-4B51-AACD-7D43C15E4D0E}.Debug|Mixed Platforms.ActiveCfg = Debug|Any CPU
		{EE2C69AD-694E-4B51-AACD-7D43C15E4D0E}.Debug|Mixed Platforms.Build.0 = Debug|Any CPU
		{EE2C69AD-694E-4B51-AACD-7D43C15E4D0E}.Debug|x64.ActiveCfg = Debug|Any CPU
		{EE2C69AD-694E-4B51-AACD-7D43C15E4D0E}.Debug|x86.ActiveCfg = Debug|Any CPU
		{EE2C69AD-694E-4B51-AACD-7D43C15E4D0E}.Release|Any CPU.ActiveCfg = Release|Any CPU
		{EE2C69AD-694E-4B51-AACD-7D43C15E4D0E}.Release|Any CPU.Build.0 = Release|Any CPU
		{EE2C69AD-694E-4B51-AACD-7D43C15E4D0E}.Release|Mixed Platforms.ActiveCfg = Release|Any CPU
		{EE2C69AD-694E-4B51-AACD-7D43C15E4D0E}.Release|Mixed Platforms.Build.0 = Release|Any CPU
		{EE2C69AD-694E-4B51-AACD-7D43C15E4D0E}.Release|x64.ActiveCfg = Release|Any CPU
		{EE2C69AD-694E-4B51-AACD-7D43C15E4D0E}.Release|x86.ActiveCfg = Release|Any CPU
	EndGlobalSection
	GlobalSection(SolutionProperties) = preSolution
		HideSolutionNode = FALSE
	EndGlobalSection
	GlobalSection(NestedProjects) = preSolution
		{99DE9357-7319-4DBA-B3EB-A70E85A2FE6C} = {3509D088-F7F1-4C4F-A8F5-95AEF6A7F382}
		{EE2C69AD-694E-4B51-AACD-7D43C15E4D0E} = {3509D088-F7F1-4C4F-A8F5-95AEF6A7F382}
		{A51B2C7B-7FCE-467A-B2E1-BD39E5E35044} = {D03A6A9C-CA7C-4DEC-B4F3-3C22E3E27545}
		{8251A822-589A-44C0-B19F-B8464448F0BD} = {D03A6A9C-CA7C-4DEC-B4F3-3C22E3E27545}
		{4E044E72-2745-4A45-AB0D-87F20288132A} = {D03A6A9C-CA7C-4DEC-B4F3-3C22E3E27545}
		{7F844E87-CD7D-4785-AC2A-08B2D409717D} = {D03A6A9C-CA7C-4DEC-B4F3-3C22E3E27545}
		{D00FB3E3-95A8-4ABA-8CC3-D4DC3098C2E3} = {D03A6A9C-CA7C-4DEC-B4F3-3C22E3E27545}
		{5D201635-1488-421F-B258-680974D6720C} = {D03A6A9C-CA7C-4DEC-B4F3-3C22E3E27545}
	EndGlobalSection
	GlobalSection(MonoDevelopProperties) = preSolution
		StartupItem = Sensorium2\Sensorium2.csproj
	EndGlobalSection
EndGlobal
